
Microsoft Visual Studio Solution File, Format Version 12.00
# Visual Studio Version 16
VisualStudioVersion = 16.0.28922.388
MinimumVisualStudioVersion = 10.0.40219.1
Project("{FAE04EC0-301F-11D3-BF4B-00C04F79EFBC}") = "Estud", "Estud\Estud.csproj", "{CFA2C31C-728E-4723-84C9-15EF901836E1}"
EndProject
Global
	GlobalSection(SolutionConfigurationPlatforms) = preSolution
		Debug|Any CPU = Debug|Any CPU
		Release|Any CPU = Release|Any CPU
	EndGlobalSection
	GlobalSection(ProjectConfigurationPlatforms) = postSolution
		{CFA2C31C-728E-4723-84C9-15EF901836E1}.Debug|Any CPU.ActiveCfg = Debug|Any CPU
		{CFA2C31C-728E-4723-84C9-15EF901836E1}.Debug|Any CPU.Build.0 = Debug|Any CPU
		{CFA2C31C-728E-4723-84C9-15EF901836E1}.Release|Any CPU.ActiveCfg = Release|Any CPU
		{CFA2C31C-728E-4723-84C9-15EF901836E1}.Release|Any CPU.Build.0 = Release|Any CPU
	EndGlobalSection
	GlobalSection(SolutionProperties) = preSolution
		HideSolutionNode = FALSE
	EndGlobalSection
	GlobalSection(ExtensibilityGlobals) = postSolution
		SolutionGuid = {5A55C7B7-41D8-4E51-9C84-3561E243C59A}
	EndGlobalSection
EndGlobal
