
Microsoft Visual Studio Solution File, Format Version 12.00
# Visual Studio Version 16
VisualStudioVersion = 16.0.28922.388
MinimumVisualStudioVersion = 10.0.40219.1
Project("{FAE04EC0-301F-11D3-BF4B-00C04F79EFBC}") = "Teste", "Teste\Teste.csproj", "{C21F0208-6BB7-4F25-B3ED-887CE592BF37}"
EndProject
Global
	GlobalSection(SolutionConfigurationPlatforms) = preSolution
		Debug|Any CPU = Debug|Any CPU
		Release|Any CPU = Release|Any CPU
	EndGlobalSection
	GlobalSection(ProjectConfigurationPlatforms) = postSolution
		{C21F0208-6BB7-4F25-B3ED-887CE592BF37}.Debug|Any CPU.ActiveCfg = Debug|Any CPU
		{C21F0208-6BB7-4F25-B3ED-887CE592BF37}.Debug|Any CPU.Build.0 = Debug|Any CPU
		{C21F0208-6BB7-4F25-B3ED-887CE592BF37}.Release|Any CPU.ActiveCfg = Release|Any CPU
		{C21F0208-6BB7-4F25-B3ED-887CE592BF37}.Release|Any CPU.Build.0 = Release|Any CPU
	EndGlobalSection
	GlobalSection(SolutionProperties) = preSolution
		HideSolutionNode = FALSE
	EndGlobalSection
	GlobalSection(ExtensibilityGlobals) = postSolution
		SolutionGuid = {34358EB8-BA0B-4A8E-9607-023F79BFEBD6}
	EndGlobalSection
EndGlobal
