
Microsoft Visual Studio Solution File, Format Version 12.00
# Visual Studio Version 16
VisualStudioVersion = 16.0.28922.388
MinimumVisualStudioVersion = 10.0.40219.1
Project("{FAE04EC0-301F-11D3-BF4B-00C04F79EFBC}") = "SimplesCalc", "SimplesCalc.csproj", "{3F43E1BA-03F3-4681-9CF3-EBEED3558421}"
EndProject
Global
	GlobalSection(SolutionConfigurationPlatforms) = preSolution
		Debug|Any CPU = Debug|Any CPU
		Release|Any CPU = Release|Any CPU
	EndGlobalSection
	GlobalSection(ProjectConfigurationPlatforms) = postSolution
		{3F43E1BA-03F3-4681-9CF3-EBEED3558421}.Debug|Any CPU.ActiveCfg = Debug|Any CPU
		{3F43E1BA-03F3-4681-9CF3-EBEED3558421}.Debug|Any CPU.Build.0 = Debug|Any CPU
		{3F43E1BA-03F3-4681-9CF3-EBEED3558421}.Release|Any CPU.ActiveCfg = Release|Any CPU
		{3F43E1BA-03F3-4681-9CF3-EBEED3558421}.Release|Any CPU.Build.0 = Release|Any CPU
	EndGlobalSection
	GlobalSection(SolutionProperties) = preSolution
		HideSolutionNode = FALSE
	EndGlobalSection
	GlobalSection(ExtensibilityGlobals) = postSolution
		SolutionGuid = {4C2B9071-B432-4793-B252-CC360D1B8E77}
	EndGlobalSection
EndGlobal
